
Microsoft Visual Studio Solution File, Format Version 12.00
# Visual Studio Version 16
VisualStudioVersion = 16.0.29424.173
MinimumVisualStudioVersion = 10.0.40219.1
Project("{FAE04EC0-301F-11D3-BF4B-00C04F79EFBC}") = "1992. CVS", "1992. CVS.csproj", "{A5EE6DAB-F6DA-4BD8-9BEB-9421A422D235}"
EndProject
Global
	GlobalSection(SolutionConfigurationPlatforms) = preSolution
		Debug|Any CPU = Debug|Any CPU
		Release|Any CPU = Release|Any CPU
	EndGlobalSection
	GlobalSection(ProjectConfigurationPlatforms) = postSolution
		{A5EE6DAB-F6DA-4BD8-9BEB-9421A422D235}.Debug|Any CPU.ActiveCfg = Debug|Any CPU
		{A5EE6DAB-F6DA-4BD8-9BEB-9421A422D235}.Debug|Any CPU.Build.0 = Debug|Any CPU
		{A5EE6DAB-F6DA-4BD8-9BEB-9421A422D235}.Release|Any CPU.ActiveCfg = Release|Any CPU
		{A5EE6DAB-F6DA-4BD8-9BEB-9421A422D235}.Release|Any CPU.Build.0 = Release|Any CPU
	EndGlobalSection
	GlobalSection(SolutionProperties) = preSolution
		HideSolutionNode = FALSE
	EndGlobalSection
	GlobalSection(ExtensibilityGlobals) = postSolution
		SolutionGuid = {987237F5-559C-44E2-8250-4BE559BC7FE6}
	EndGlobalSection
EndGlobal
